// !$*UTF8*$!
{
	archiveVersion = 1;
	classes = {
	};
	objectVersion = 46;
	objects = {

/* Begin PBXBuildFile section */
		65CD42D11D0D2F63005B77CA /* AppDelegate.swift in Sources */ = {isa = PBXBuildFile; fileRef = 65CD42D01D0D2F63005B77CA /* AppDelegate.swift */; };
		65CD42D31D0D2F63005B77CA /* ViewController.swift in Sources */ = {isa = PBXBuildFile; fileRef = 65CD42D21D0D2F63005B77CA /* ViewController.swift */; };
		65CD42D61D0D2F63005B77CA /* Main.storyboard in Resources */ = {isa = PBXBuildFile; fileRef = 65CD42D41D0D2F63005B77CA /* Main.storyboard */; };
		65CD42D81D0D2F63005B77CA /* Assets.xcassets in Resources */ = {isa = PBXBuildFile; fileRef = 65CD42D71D0D2F63005B77CA /* Assets.xcassets */; };
		65CD42DB1D0D2F63005B77CA /* LaunchScreen.storyboard in Resources */ = {isa = PBXBuildFile; fileRef = 65CD42D91D0D2F63005B77CA /* LaunchScreen.storyboard */; };
		65CD42E61D0D2F63005B77CA /* que_comemosTests.swift in Sources */ = {isa = PBXBuildFile; fileRef = 65CD42E51D0D2F63005B77CA /* que_comemosTests.swift */; };
		65CD42F11D0D2F63005B77CA /* que_comemosUITests.swift in Sources */ = {isa = PBXBuildFile; fileRef = 65CD42F01D0D2F63005B77CA /* que_comemosUITests.swift */; };
/* End PBXBuildFile section */

/* Begin PBXContainerItemProxy section */
		65CD42E21D0D2F63005B77CA /* PBXContainerItemProxy */ = {
			isa = PBXContainerItemProxy;
			containerPortal = 65CD42C51D0D2F63005B77CA /* Project object */;
			proxyType = 1;
			remoteGlobalIDString = 65CD42CC1D0D2F63005B77CA;
			remoteInfo = "que-comemos";
		};
		65CD42ED1D0D2F63005B77CA /* PBXContainerItemProxy */ = {
			isa = PBXContainerItemProxy;
			containerPortal = 65CD42C51D0D2F63005B77CA /* Project object */;
			proxyType = 1;
			remoteGlobalIDString = 65CD42CC1D0D2F63005B77CA;
			remoteInfo = "que-comemos";
		};
/* End PBXContainerItemProxy section */

/* Begin PBXFileReference section */
		65CD42CD1D0D2F63005B77CA /* que-comemos.app */ = {isa = PBXFileReference; explicitFileType = wrapper.application; includeInIndex = 0; path = "que-comemos.app"; sourceTree = BUILT_PRODUCTS_DIR; };
		65CD42D01D0D2F63005B77CA /* AppDelegate.swift */ = {isa = PBXFileReference; lastKnownFileType = sourcecode.swift; path = AppDelegate.swift; sourceTree = "<group>"; };
		65CD42D21D0D2F63005B77CA /* ViewController.swift */ = {isa = PBXFileReference; lastKnownFileType = sourcecode.swift; path = ViewController.swift; sourceTree = "<group>"; };
		65CD42D51D0D2F63005B77CA /* Base */ = {isa = PBXFileReference; lastKnownFileType = file.storyboard; name = Base; path = Base.lproj/Main.storyboard; sourceTree = "<group>"; };
		65CD42D71D0D2F63005B77CA /* Assets.xcassets */ = {isa = PBXFileReference; lastKnownFileType = folder.assetcatalog; path = Assets.xcassets; sourceTree = "<group>"; };
		65CD42DA1D0D2F63005B77CA /* Base */ = {isa = PBXFileReference; lastKnownFileType = file.storyboard; name = Base; path = Base.lproj/LaunchScreen.storyboard; sourceTree = "<group>"; };
		65CD42DC1D0D2F63005B77CA /* Info.plist */ = {isa = PBXFileReference; lastKnownFileType = text.plist.xml; path = Info.plist; sourceTree = "<group>"; };
		65CD42E11D0D2F63005B77CA /* que-comemosTests.xctest */ = {isa = PBXFileReference; explicitFileType = wrapper.cfbundle; includeInIndex = 0; path = "que-comemosTests.xctest"; sourceTree = BUILT_PRODUCTS_DIR; };
		65CD42E51D0D2F63005B77CA /* que_comemosTests.swift */ = {isa = PBXFileReference; lastKnownFileType = sourcecode.swift; path = que_comemosTests.swift; sourceTree = "<group>"; };
		65CD42E71D0D2F63005B77CA /* Info.plist */ = {isa = PBXFileReference; lastKnownFileType = text.plist.xml; path = Info.plist; sourceTree = "<group>"; };
		65CD42EC1D0D2F63005B77CA /* que-comemosUITests.xctest */ = {isa = PBXFileReference; explicitFileType = wrapper.cfbundle; includeInIndex = 0; path = "que-comemosUITests.xctest"; sourceTree = BUILT_PRODUCTS_DIR; };
		65CD42F01D0D2F63005B77CA /* que_comemosUITests.swift */ = {isa = PBXFileReference; lastKnownFileType = sourcecode.swift; path = que_comemosUITests.swift; sourceTree = "<group>"; };
		65CD42F21D0D2F63005B77CA /* Info.plist */ = {isa = PBXFileReference; lastKnownFileType = text.plist.xml; path = Info.plist; sourceTree = "<group>"; };
/* End PBXFileReference section */

/* Begin PBXFrameworksBuildPhase section */
		65CD42CA1D0D2F63005B77CA /* Frameworks */ = {
			isa = PBXFrameworksBuildPhase;
			buildActionMask = 2147483647;
			files = (
			);
			runOnlyForDeploymentPostprocessing = 0;
		};
		65CD42DE1D0D2F63005B77CA /* Frameworks */ = {
			isa = PBXFrameworksBuildPhase;
			buildActionMask = 2147483647;
			files = (
			);
			runOnlyForDeploymentPostprocessing = 0;
		};
		65CD42E91D0D2F63005B77CA /* Frameworks */ = {
			isa = PBXFrameworksBuildPhase;
			buildActionMask = 2147483647;
			files = (
			);
			runOnlyForDeploymentPostprocessing = 0;
		};
/* End PBXFrameworksBuildPhase section */

/* Begin PBXGroup section */
		65CD42C41D0D2F63005B77CA = {
			isa = PBXGroup;
			children = (
				65CD42CF1D0D2F63005B77CA /* que-comemos */,
				65CD42E41D0D2F63005B77CA /* que-comemosTests */,
				65CD42EF1D0D2F63005B77CA /* que-comemosUITests */,
				65CD42CE1D0D2F63005B77CA /* Products */,
			);
			sourceTree = "<group>";
		};
		65CD42CE1D0D2F63005B77CA /* Products */ = {
			isa = PBXGroup;
			children = (
				65CD42CD1D0D2F63005B77CA /* que-comemos.app */,
				65CD42E11D0D2F63005B77CA /* que-comemosTests.xctest */,
				65CD42EC1D0D2F63005B77CA /* que-comemosUITests.xctest */,
			);
			name = Products;
			sourceTree = "<group>";
		};
		65CD42CF1D0D2F63005B77CA /* que-comemos */ = {
			isa = PBXGroup;
			children = (
				65CD42D01D0D2F63005B77CA /* AppDelegate.swift */,
				65CD42D21D0D2F63005B77CA /* ViewController.swift */,
				65CD42D41D0D2F63005B77CA /* Main.storyboard */,
				65CD42D71D0D2F63005B77CA /* Assets.xcassets */,
				65CD42D91D0D2F63005B77CA /* LaunchScreen.storyboard */,
				65CD42DC1D0D2F63005B77CA /* Info.plist */,
			);
			path = "que-comemos";
			sourceTree = "<group>";
		};
		65CD42E41D0D2F63005B77CA /* que-comemosTests */ = {
			isa = PBXGroup;
			children = (
				65CD42E51D0D2F63005B77CA /* que_comemosTests.swift */,
				65CD42E71D0D2F63005B77CA /* Info.plist */,
			);
			path = "que-comemosTests";
			sourceTree = "<group>";
		};
		65CD42EF1D0D2F63005B77CA /* que-comemosUITests */ = {
			isa = PBXGroup;
			children = (
				65CD42F01D0D2F63005B77CA /* que_comemosUITests.swift */,
				65CD42F21D0D2F63005B77CA /* Info.plist */,
			);
			path = "que-comemosUITests";
			sourceTree = "<group>";
		};
/* End PBXGroup section */

/* Begin PBXNativeTarget section */
		65CD42CC1D0D2F63005B77CA /* que-comemos */ = {
			isa = PBXNativeTarget;
			buildConfigurationList = 65CD42F51D0D2F63005B77CA /* Build configuration list for PBXNativeTarget "que-comemos" */;
			buildPhases = (
				65CD42C91D0D2F63005B77CA /* Sources */,
				65CD42CA1D0D2F63005B77CA /* Frameworks */,
				65CD42CB1D0D2F63005B77CA /* Resources */,
			);
			buildRules = (
			);
			dependencies = (
			);
			name = "que-comemos";
			productName = "que-comemos";
			productReference = 65CD42CD1D0D2F63005B77CA /* que-comemos.app */;
			productType = "com.apple.product-type.application";
		};
		65CD42E01D0D2F63005B77CA /* que-comemosTests */ = {
			isa = PBXNativeTarget;
			buildConfigurationList = 65CD42F81D0D2F63005B77CA /* Build configuration list for PBXNativeTarget "que-comemosTests" */;
			buildPhases = (
				65CD42DD1D0D2F63005B77CA /* Sources */,
				65CD42DE1D0D2F63005B77CA /* Frameworks */,
				65CD42DF1D0D2F63005B77CA /* Resources */,
			);
			buildRules = (
			);
			dependencies = (
				65CD42E31D0D2F63005B77CA /* PBXTargetDependency */,
			);
			name = "que-comemosTests";
			productName = "que-comemosTests";
			productReference = 65CD42E11D0D2F63005B77CA /* que-comemosTests.xctest */;
			productType = "com.apple.product-type.bundle.unit-test";
		};
		65CD42EB1D0D2F63005B77CA /* que-comemosUITests */ = {
			isa = PBXNativeTarget;
			buildConfigurationList = 65CD42FB1D0D2F63005B77CA /* Build configuration list for PBXNativeTarget "que-comemosUITests" */;
			buildPhases = (
				65CD42E81D0D2F63005B77CA /* Sources */,
				65CD42E91D0D2F63005B77CA /* Frameworks */,
				65CD42EA1D0D2F63005B77CA /* Resources */,
			);
			buildRules = (
			);
			dependencies = (
				65CD42EE1D0D2F63005B77CA /* PBXTargetDependency */,
			);
			name = "que-comemosUITests";
			productName = "que-comemosUITests";
			productReference = 65CD42EC1D0D2F63005B77CA /* que-comemosUITests.xctest */;
			productType = "com.apple.product-type.bundle.ui-testing";
		};
/* End PBXNativeTarget section */

/* Begin PBXProject section */
		65CD42C51D0D2F63005B77CA /* Project object */ = {
			isa = PBXProject;
			attributes = {
				LastSwiftUpdateCheck = 0730;
				LastUpgradeCheck = 0730;
				ORGANIZATIONNAME = certuit;
				TargetAttributes = {
					65CD42CC1D0D2F63005B77CA = {
						CreatedOnToolsVersion = 7.3;
						DevelopmentTeam = V9PYM7SZ93;
					};
					65CD42E01D0D2F63005B77CA = {
						CreatedOnToolsVersion = 7.3;
						DevelopmentTeam = V9PYM7SZ93;
						TestTargetID = 65CD42CC1D0D2F63005B77CA;
					};
					65CD42EB1D0D2F63005B77CA = {
						CreatedOnToolsVersion = 7.3;
						DevelopmentTeam = V9PYM7SZ93;
						TestTargetID = 65CD42CC1D0D2F63005B77CA;
					};
				};
			};
			buildConfigurationList = 65CD42C81D0D2F63005B77CA /* Build configuration list for PBXProject "que-comemos" */;
			compatibilityVersion = "Xcode 3.2";
			developmentRegion = English;
			hasScannedForEncodings = 0;
			knownRegions = (
				en,
				Base,
			);
			mainGroup = 65CD42C41D0D2F63005B77CA;
			productRefGroup = 65CD42CE1D0D2F63005B77CA /* Products */;
			projectDirPath = "";
			projectRoot = "";
			targets = (
				65CD42CC1D0D2F63005B77CA /* que-comemos */,
				65CD42E01D0D2F63005B77CA /* que-comemosTests */,
				65CD42EB1D0D2F63005B77CA /* que-comemosUITests */,
			);
		};
/* End PBXProject section */

/* Begin PBXResourcesBuildPhase section */
		65CD42CB1D0D2F63005B77CA /* Resources */ = {
			isa = PBXResourcesBuildPhase;
			buildActionMask = 2147483647;
			files = (
				65CD42DB1D0D2F63005B77CA /* LaunchScreen.storyboard in Resources */,
				65CD42D81D0D2F63005B77CA /* Assets.xcassets in Resources */,
				65CD42D61D0D2F63005B77CA /* Main.storyboard in Resources */,
			);
			runOnlyForDeploymentPostprocessing = 0;
		};
		65CD42DF1D0D2F63005B77CA /* Resources */ = {
			isa = PBXResourcesBuildPhase;
			buildActionMask = 2147483647;
			files = (
			);
			runOnlyForDeploymentPostprocessing = 0;
		};
		65CD42EA1D0D2F63005B77CA /* Resources */ = {
			isa = PBXResourcesBuildPhase;
			buildActionMask = 2147483647;
			files = (
			);
			runOnlyForDeploymentPostprocessing = 0;
		};
/* End PBXResourcesBuildPhase section */

/* Begin PBXSourcesBuildPhase section */
		65CD42C91D0D2F63005B77CA /* Sources */ = {
			isa = PBXSourcesBuildPhase;
			buildActionMask = 2147483647;
			files = (
				65CD42D31D0D2F63005B77CA /* ViewController.swift in Sources */,
				65CD42D11D0D2F63005B77CA /* AppDelegate.swift in Sources */,
			);
			runOnlyForDeploymentPostprocessing = 0;
		};
		65CD42DD1D0D2F63005B77CA /* Sources */ = {
			isa = PBXSourcesBuildPhase;
			buildActionMask = 2147483647;
			files = (
				65CD42E61D0D2F63005B77CA /* que_comemosTests.swift in Sources */,
			);
			runOnlyForDeploymentPostprocessing = 0;
		};
		65CD42E81D0D2F63005B77CA /* Sources */ = {
			isa = PBXSourcesBuildPhase;
			buildActionMask = 2147483647;
			files = (
				65CD42F11D0D2F63005B77CA /* que_comemosUITests.swift in Sources */,
			);
			runOnlyForDeploymentPostprocessing = 0;
		};
/* End PBXSourcesBuildPhase section */

/* Begin PBXTargetDependency section */
		65CD42E31D0D2F63005B77CA /* PBXTargetDependency */ = {
			isa = PBXTargetDependency;
			target = 65CD42CC1D0D2F63005B77CA /* que-comemos */;
			targetProxy = 65CD42E21D0D2F63005B77CA /* PBXContainerItemProxy */;
		};
		65CD42EE1D0D2F63005B77CA /* PBXTargetDependency */ = {
			isa = PBXTargetDependency;
			target = 65CD42CC1D0D2F63005B77CA /* que-comemos */;
			targetProxy = 65CD42ED1D0D2F63005B77CA /* PBXContainerItemProxy */;
		};
/* End PBXTargetDependency section */

/* Begin PBXVariantGroup section */
		65CD42D41D0D2F63005B77CA /* Main.storyboard */ = {
			isa = PBXVariantGroup;
			children = (
				65CD42D51D0D2F63005B77CA /* Base */,
			);
			name = Main.storyboard;
			sourceTree = "<group>";
		};
		65CD42D91D0D2F63005B77CA /* LaunchScreen.storyboard */ = {
			isa = PBXVariantGroup;
			children = (
				65CD42DA1D0D2F63005B77CA /* Base */,
			);
			name = LaunchScreen.storyboard;
			sourceTree = "<group>";
		};
/* End PBXVariantGroup section */

/* Begin XCBuildConfiguration section */
		65CD42F31D0D2F63005B77CA /* Debug */ = {
			isa = XCBuildConfiguration;
			buildSettings = {
				ALWAYS_SEARCH_USER_PATHS = NO;
				CLANG_ANALYZER_NONNULL = YES;
				CLANG_CXX_LANGUAGE_STANDARD = "gnu++0x";
				CLANG_CXX_LIBRARY = "libc++";
				CLANG_ENABLE_MODULES = YES;
				CLANG_ENABLE_OBJC_ARC = YES;
				CLANG_WARN_BOOL_CONVERSION = YES;
				CLANG_WARN_CONSTANT_CONVERSION = YES;
				CLANG_WARN_DIRECT_OBJC_ISA_USAGE = YES_ERROR;
				CLANG_WARN_EMPTY_BODY = YES;
				CLANG_WARN_ENUM_CONVERSION = YES;
				CLANG_WARN_INT_CONVERSION = YES;
				CLANG_WARN_OBJC_ROOT_CLASS = YES_ERROR;
				CLANG_WARN_UNREACHABLE_CODE = YES;
				CLANG_WARN__DUPLICATE_METHOD_MATCH = YES;
				"CODE_SIGN_IDENTITY[sdk=iphoneos*]" = "iPhone Developer";
				COPY_PHASE_STRIP = NO;
				DEBUG_INFORMATION_FORMAT = dwarf;
				ENABLE_STRICT_OBJC_MSGSEND = YES;
				ENABLE_TESTABILITY = YES;
				GCC_C_LANGUAGE_STANDARD = gnu99;
				GCC_DYNAMIC_NO_PIC = NO;
				GCC_NO_COMMON_BLOCKS = YES;
				GCC_OPTIMIZATION_LEVEL = 0;
				GCC_PREPROCESSOR_DEFINITIONS = (
					"DEBUG=1",
					"$(inherited)",
				);
				GCC_WARN_64_TO_32_BIT_CONVERSION = YES;
				GCC_WARN_ABOUT_RETURN_TYPE = YES_ERROR;
				GCC_WARN_UNDECLARED_SELECTOR = YES;
				GCC_WARN_UNINITIALIZED_AUTOS = YES_AGGRESSIVE;
				GCC_WARN_UNUSED_FUNCTION = YES;
				GCC_WARN_UNUSED_VARIABLE = YES;
				IPHONEOS_DEPLOYMENT_TARGET = 9.3;
				MTL_ENABLE_DEBUG_INFO = YES;
				ONLY_ACTIVE_ARCH = YES;
				SDKROOT = iphoneos;
				SWIFT_OPTIMIZATION_LEVEL = "-Onone";
			};
			name = Debug;
		};
		65CD42F41D0D2F63005B77CA /* Release */ = {
			isa = XCBuildConfiguration;
			buildSettings = {
				ALWAYS_SEARCH_USER_PATHS = NO;
				CLANG_ANALYZER_NONNULL = YES;
				CLANG_CXX_LANGUAGE_STANDARD = "gnu++0x";
				CLANG_CXX_LIBRARY = "libc++";
				CLANG_ENABLE_MODULES = YES;
				CLANG_ENABLE_OBJC_ARC = YES;
				CLANG_WARN_BOOL_CONVERSION = YES;
				CLANG_WARN_CONSTANT_CONVERSION = YES;
				CLANG_WARN_DIRECT_OBJC_ISA_USAGE = YES_ERROR;
				CLANG_WARN_EMPTY_BODY = YES;
				CLANG_WARN_ENUM_CONVERSION = YES;
				CLANG_WARN_INT_CONVERSION = YES;
				CLANG_WARN_OBJC_ROOT_CLASS = YES_ERROR;
				CLANG_WARN_UNREACHABLE_CODE = YES;
				CLANG_WARN__DUPLICATE_METHOD_MATCH = YES;
				"CODE_SIGN_IDENTITY[sdk=iphoneos*]" = "iPhone Developer";
				COPY_PHASE_STRIP = NO;
				DEBUG_INFORMATION_FORMAT = "dwarf-with-dsym";
				ENABLE_NS_ASSERTIONS = NO;
				ENABLE_STRICT_OBJC_MSGSEND = YES;
				GCC_C_LANGUAGE_STANDARD = gnu99;
				GCC_NO_COMMON_BLOCKS = YES;
				GCC_WARN_64_TO_32_BIT_CONVERSION = YES;
				GCC_WARN_ABOUT_RETURN_TYPE = YES_ERROR;
				GCC_WARN_UNDECLARED_SELECTOR = YES;
				GCC_WARN_UNINITIALIZED_AUTOS = YES_AGGRESSIVE;
				GCC_WARN_UNUSED_FUNCTION = YES;
				GCC_WARN_UNUSED_VARIABLE = YES;
				IPHONEOS_DEPLOYMENT_TARGET = 9.3;
				MTL_ENABLE_DEBUG_INFO = NO;
				SDKROOT = iphoneos;
				VALIDATE_PRODUCT = YES;
			};
			name = Release;
		};
		65CD42F61D0D2F63005B77CA /* Debug */ = {
			isa = XCBuildConfiguration;
			buildSettings = {
				ASSETCATALOG_COMPILER_APPICON_NAME = AppIcon;
				INFOPLIST_FILE = "que-comemos/Info.plist";
				LD_RUNPATH_SEARCH_PATHS = "$(inherited) @executable_path/Frameworks";
				PRODUCT_BUNDLE_IDENTIFIER = "certuit.que-comemos";
				PRODUCT_NAME = "$(TARGET_NAME)";
			};
			name = Debug;
		};
		65CD42F71D0D2F63005B77CA /* Release */ = {
			isa = XCBuildConfiguration;
			buildSettings = {
				ASSETCATALOG_COMPILER_APPICON_NAME = AppIcon;
				INFOPLIST_FILE = "que-comemos/Info.plist";
				LD_RUNPATH_SEARCH_PATHS = "$(inherited) @executable_path/Frameworks";
				PRODUCT_BUNDLE_IDENTIFIER = "certuit.que-comemos";
				PRODUCT_NAME = "$(TARGET_NAME)";
			};
			name = Release;
		};
		65CD42F91D0D2F63005B77CA /* Debug */ = {
			isa = XCBuildConfiguration;
			buildSettings = {
				BUNDLE_LOADER = "$(TEST_HOST)";
				INFOPLIST_FILE = "que-comemosTests/Info.plist";
				LD_RUNPATH_SEARCH_PATHS = "$(inherited) @executable_path/Frameworks @loader_path/Frameworks";
				PRODUCT_BUNDLE_IDENTIFIER = "certuit.que-comemosTests";
				PRODUCT_NAME = "$(TARGET_NAME)";
				TEST_HOST = "$(BUILT_PRODUCTS_DIR)/que-comemos.app/que-comemos";
			};
			name = Debug;
		};
		65CD42FA1D0D2F63005B77CA /* Release */ = {
			isa = XCBuildConfiguration;
			buildSettings = {
				BUNDLE_LOADER = "$(TEST_HOST)";
				INFOPLIST_FILE = "que-comemosTests/Info.plist";
				LD_RUNPATH_SEARCH_PATHS = "$(inherited) @executable_path/Frameworks @loader_path/Frameworks";
				PRODUCT_BUNDLE_IDENTIFIER = "certuit.que-comemosTests";
				PRODUCT_NAME = "$(TARGET_NAME)";
				TEST_HOST = "$(BUILT_PRODUCTS_DIR)/que-comemos.app/que-comemos";
			};
			name = Release;
		};
		65CD42FC1D0D2F63005B77CA /* Debug */ = {
			isa = XCBuildConfiguration;
			buildSettings = {
				INFOPLIST_FILE = "que-comemosUITests/Info.plist";
				LD_RUNPATH_SEARCH_PATHS = "$(inherited) @executable_path/Frameworks @loader_path/Frameworks";
				PRODUCT_BUNDLE_IDENTIFIER = "certuit.que-comemosUITests";
				PRODUCT_NAME = "$(TARGET_NAME)";
				TEST_TARGET_NAME = "que-comemos";
			};
			name = Debug;
		};
		65CD42FD1D0D2F63005B77CA /* Release */ = {
			isa = XCBuildConfiguration;
			buildSettings = {
				INFOPLIST_FILE = "que-comemosUITests/Info.plist";
				LD_RUNPATH_SEARCH_PATHS = "$(inherited) @executable_path/Frameworks @loader_path/Frameworks";
				PRODUCT_BUNDLE_IDENTIFIER = "certuit.que-comemosUITests";
				PRODUCT_NAME = "$(TARGET_NAME)";
				TEST_TARGET_NAME = "que-comemos";
			};
			name = Release;
		};
/* End XCBuildConfiguration section */

/* Begin XCConfigurationList section */
		65CD42C81D0D2F63005B77CA /* Build configuration list for PBXProject "que-comemos" */ = {
			isa = XCConfigurationList;
			buildConfigurations = (
				65CD42F31D0D2F63005B77CA /* Debug */,
				65CD42F41D0D2F63005B77CA /* Release */,
			);
			defaultConfigurationIsVisible = 0;
			defaultConfigurationName = Release;
		};
		65CD42F51D0D2F63005B77CA /* Build configuration list for PBXNativeTarget "que-comemos" */ = {
			isa = XCConfigurationList;
			buildConfigurations = (
				65CD42F61D0D2F63005B77CA /* Debug */,
				65CD42F71D0D2F63005B77CA /* Release */,
			);
			defaultConfigurationIsVisible = 0;
		};
		65CD42F81D0D2F63005B77CA /* Build configuration list for PBXNativeTarget "que-comemosTests" */ = {
			isa = XCConfigurationList;
			buildConfigurations = (
				65CD42F91D0D2F63005B77CA /* Debug */,
				65CD42FA1D0D2F63005B77CA /* Release */,
			);
			defaultConfigurationIsVisible = 0;
		};
		65CD42FB1D0D2F63005B77CA /* Build configuration list for PBXNativeTarget "que-comemosUITests" */ = {
			isa = XCConfigurationList;
			buildConfigurations = (
				65CD42FC1D0D2F63005B77CA /* Debug */,
				65CD42FD1D0D2F63005B77CA /* Release */,
			);
			defaultConfigurationIsVisible = 0;
		};
/* End XCConfigurationList section */
	};
	rootObject = 65CD42C51D0D2F63005B77CA /* Project object */;
}
